
Microsoft Visual Studio Solution File, Format Version 12.00
# Visual Studio 14
VisualStudioVersion = 14.0.25123.0
MinimumVisualStudioVersion = 10.0.40219.1
Project("{FAE04EC0-301F-11D3-BF4B-00C04F79EFBC}") = "FileUploader", "FileUploader\FileUploader.csproj", "{4D10C2CE-F1FF-46A4-9E89-CF1011CFB23E}"
EndProject
Project("{FAE04EC0-301F-11D3-BF4B-00C04F79EFBC}") = "FileServer", "FileServer\FileServer.csproj", "{171513A1-485F-4738-9AA8-E8DC22B48939}"
EndProject
Global
	GlobalSection(SolutionConfigurationPlatforms) = preSolution
		Debug|Any CPU = Debug|Any CPU
		Release|Any CPU = Release|Any CPU
	EndGlobalSection
	GlobalSection(ProjectConfigurationPlatforms) = postSolution
		{4D10C2CE-F1FF-46A4-9E89-CF1011CFB23E}.Debug|Any CPU.ActiveCfg = Debug|Any CPU
		{4D10C2CE-F1FF-46A4-9E89-CF1011CFB23E}.Debug|Any CPU.Build.0 = Debug|Any CPU
		{4D10C2CE-F1FF-46A4-9E89-CF1011CFB23E}.Release|Any CPU.ActiveCfg = Release|Any CPU
		{4D10C2CE-F1FF-46A4-9E89-CF1011CFB23E}.Release|Any CPU.Build.0 = Release|Any CPU
		{171513A1-485F-4738-9AA8-E8DC22B48939}.Debug|Any CPU.ActiveCfg = Debug|Any CPU
		{171513A1-485F-4738-9AA8-E8DC22B48939}.Debug|Any CPU.Build.0 = Debug|Any CPU
		{171513A1-485F-4738-9AA8-E8DC22B48939}.Release|Any CPU.ActiveCfg = Release|Any CPU
		{171513A1-485F-4738-9AA8-E8DC22B48939}.Release|Any CPU.Build.0 = Release|Any CPU
	EndGlobalSection
	GlobalSection(SolutionProperties) = preSolution
		HideSolutionNode = FALSE
	EndGlobalSection
EndGlobal
