
Microsoft Visual Studio Solution File, Format Version 12.00
# Visual Studio 14
VisualStudioVersion = 14.0.24720.0
MinimumVisualStudioVersion = 10.0.40219.1
Project("{FAE04EC0-301F-11D3-BF4B-00C04F79EFBC}") = "[CS] Pro_0729", "[CS] Pro_0729.csproj", "{B951A797-C7C0-4707-B46E-D2DD37861315}"
EndProject
Global
	GlobalSection(SolutionConfigurationPlatforms) = preSolution
		Debug|Any CPU = Debug|Any CPU
		Release|Any CPU = Release|Any CPU
	EndGlobalSection
	GlobalSection(ProjectConfigurationPlatforms) = postSolution
		{B951A797-C7C0-4707-B46E-D2DD37861315}.Debug|Any CPU.ActiveCfg = Debug|Any CPU
		{B951A797-C7C0-4707-B46E-D2DD37861315}.Debug|Any CPU.Build.0 = Debug|Any CPU
		{B951A797-C7C0-4707-B46E-D2DD37861315}.Release|Any CPU.ActiveCfg = Release|Any CPU
		{B951A797-C7C0-4707-B46E-D2DD37861315}.Release|Any CPU.Build.0 = Release|Any CPU
	EndGlobalSection
	GlobalSection(SolutionProperties) = preSolution
		HideSolutionNode = FALSE
	EndGlobalSection
EndGlobal
