elmia. Ohjelma tekee myös varmuuskopion kiintolevyn sisällöstä.</Str>
            </Value>
            <Value>
                <Lang>FRE</Lang>
                <Str>Ce programme sauvegarde ou restaure le disque dur.</Str>
            </Value>
            <Value>
                <Lang>GER</Lang>
                <Str>Mit diesem Programm können Sie das Festplattenlaufwerk sichern und wiederherstellen.</Str>
            </Value>
            <Value>
                <Lang>GRE</Lang>
                <Str>Αυτό το πρόγραμμα επαναφέρει τη μονάδα σκληρού δίσκου αν προκύψει κάποιο σοβαρό πρόβλημα με το σύστημα ή δημιουργεί αντίγραφα ασφαλείας των περιεχομένων της μονάδας σκληρού δίσκου.</Str>
            </Value>
            <Value>
                <Lang>HUN</Lang>
                <Str>A program a rendszerben bekövetkező súlyos probléma esetén helyreállítja a merevlemezt vagy biztonsági másolatot készít a merevlemez tartalmáról.</Str>
            </Value>
            <Value>
                <Lang>IND</Lang>
                <Str>Program ini memulihkan drive hard disk bila terjadi masalah serius pada sist