
Microsoft Visual Studio Solution File, Format Version 12.00
# Visual Studio 2013
VisualStudioVersion = 12.0.31101.0
MinimumVisualStudioVersion = 10.0.40219.1
Project("{8BC9CEB8-8B4A-11D0-8D11-00A0C91BC942}") = "Page 173", "Page 173\Page 173.vcxproj", "{4513E613-DBF8-4930-AABB-11B947FCEE95}"
EndProject
Global
	GlobalSection(SolutionConfigurationPlatforms) = preSolution
		Debug|Win32 = Debug|Win32
		Release|Win32 = Release|Win32
	EndGlobalSection
	GlobalSection(ProjectConfigurationPlatforms) = postSolution
		{4513E613-DBF8-4930-AABB-11B947FCEE95}.Debug|Win32.ActiveCfg = Debug|Win32
		{4513E613-DBF8-4930-AABB-11B947FCEE95}.Debug|Win32.Build.0 = Debug|Win32
		{4513E613-DBF8-4930-AABB-11B947FCEE95}.Release|Win32.ActiveCfg = Release|Win32
		{4513E613-DBF8-4930-AABB-11B947FCEE95}.Release|Win32.Build.0 = Release|Win32
	EndGlobalSection
	GlobalSection(SolutionProperties) = preSolution
		HideSolutionNode = FALSE
	EndGlobalSection
EndGlobal
